
Microsoft Visual Studio Solution File, Format Version 12.00
# Visual Studio Version 17
VisualStudioVersion = 17.7.34024.191
MinimumVisualStudioVersion = 10.0.40219.1
Project("{FAE04EC0-301F-11D3-BF4B-00C04F79EFBC}") = "projectPRN211", "projectPRN211\projectPRN211.csproj", "{C3EF980D-CB76-4826-89EE-2434BDF666D8}"
EndProject
Global
	GlobalSection(SolutionConfigurationPlatforms) = preSolution
		Debug|Any CPU = Debug|Any CPU
		Release|Any CPU = Release|Any CPU
	EndGlobalSection
	GlobalSection(ProjectConfigurationPlatforms) = postSolution
		{C3EF980D-CB76-4826-89EE-2434BDF666D8}.Debug|Any CPU.ActiveCfg = Debug|Any CPU
		{C3EF980D-CB76-4826-89EE-2434BDF666D8}.Debug|Any CPU.Build.0 = Debug|Any CPU
		{C3EF980D-CB76-4826-89EE-2434BDF666D8}.Release|Any CPU.ActiveCfg = Release|Any CPU
		{C3EF980D-CB76-4826-89EE-2434BDF666D8}.Release|Any CPU.Build.0 = Release|Any CPU
	EndGlobalSection
	GlobalSection(SolutionProperties) = preSolution
		HideSolutionNode = FALSE
	EndGlobalSection
	GlobalSection(ExtensibilityGlobals) = postSolution
		SolutionGuid = {08666D5A-1AFC-4428-B58C-FFB7DEC2C51A}
	EndGlobalSection
EndGlobal
